
Microsoft Visual Studio Solution File, Format Version 12.00
# Visual Studio Version 17
VisualStudioVersion = 17.1.32407.343
MinimumVisualStudioVersion = 10.0.40219.1
Project("{FAE04EC0-301F-11D3-BF4B-00C04F79EFBC}") = "FluentValidationApp.Web", "FluentValidationApp.Web\FluentValidationApp.Web.csproj", "{E903B9F2-0DDC-4C92-AE26-46C9419BB6EE}"
EndProject
Global
	GlobalSection(SolutionConfigurationPlatforms) = preSolution
		Debug|Any CPU = Debug|Any CPU
		Release|Any CPU = Release|Any CPU
	EndGlobalSection
	GlobalSection(ProjectConfigurationPlatforms) = postSolution
		{E903B9F2-0DDC-4C92-AE26-46C9419BB6EE}.Debug|Any CPU.ActiveCfg = Debug|Any CPU
		{E903B9F2-0DDC-4C92-AE26-46C9419BB6EE}.Debug|Any CPU.Build.0 = Debug|Any CPU
		{E903B9F2-0DDC-4C92-AE26-46C9419BB6EE}.Release|Any CPU.ActiveCfg = Release|Any CPU
		{E903B9F2-0DDC-4C92-AE26-46C9419BB6EE}.Release|Any CPU.Build.0 = Release|Any CPU
	EndGlobalSection
	GlobalSection(SolutionProperties) = preSolution
		HideSolutionNode = FALSE
	EndGlobalSection
	GlobalSection(ExtensibilityGlobals) = postSolution
		SolutionGuid = {7968D9D5-4D5F-4235-AC07-AA49EF429799}
	EndGlobalSection
EndGlobal
